// !$*UTF8*$!
{
	archiveVersion = 1;
	classes = {
	};
	objectVersion = 56;
	objects = {

/* Begin PBXBuildFile section */
		077CC01629BE021B009F9290 /* StoreTestApp.swift in Sources */ = {isa = PBXBuildFile; fileRef = 077CC01529BE021B009F9290 /* StoreTestApp.swift */; };
		077CC01829BE021B009F9290 /* ContentView.swift in Sources */ = {isa = PBXBuildFile; fileRef = 077CC01729BE021B009F9290 /* ContentView.swift */; };
		077CC01A29BE021C009F9290 /* Assets.xcassets in Resources */ = {isa = PBXBuildFile; fileRef = 077CC01929BE021C009F9290 /* Assets.xcassets */; };
		077CC01D29BE021C009F9290 /* Preview Assets.xcassets in Resources */ = {isa = PBXBuildFile; fileRef = 077CC01C29BE021C009F9290 /* Preview Assets.xcassets */; };
		077CC02529BE0244009F9290 /* SignInPageView.swift in Sources */ = {isa = PBXBuildFile; fileRef = 077CC02429BE0244009F9290 /* SignInPageView.swift */; };
		077CC02729BE0252009F9290 /* SignInPageViewModel.swift in Sources */ = {isa = PBXBuildFile; fileRef = 077CC02629BE0252009F9290 /* SignInPageViewModel.swift */; };
		077CC02A29BE2612009F9290 /* Color+ext.swift in Sources */ = {isa = PBXBuildFile; fileRef = 077CC02929BE2612009F9290 /* Color+ext.swift */; };
		077CC03129BE56C9009F9290 /* Montserrat-Regular.ttf in Resources */ = {isa = PBXBuildFile; fileRef = 077CC03029BE56C9009F9290 /* Montserrat-Regular.ttf */; };
		077CC03329BE56D9009F9290 /* Montserrat-Bold.ttf in Resources */ = {isa = PBXBuildFile; fileRef = 077CC03229BE56D9009F9290 /* Montserrat-Bold.ttf */; };
		077CC03529BE56DF009F9290 /* Montserrat-Medium.ttf in Resources */ = {isa = PBXBuildFile; fileRef = 077CC03429BE56DF009F9290 /* Montserrat-Medium.ttf */; };
		077CC03729BE571A009F9290 /* Montserrat-SemiBold.ttf in Resources */ = {isa = PBXBuildFile; fileRef = 077CC03629BE571A009F9290 /* Montserrat-SemiBold.ttf */; };
		077CC03A29BE79F4009F9290 /* LoginPageView.swift in Sources */ = {isa = PBXBuildFile; fileRef = 077CC03929BE79F4009F9290 /* LoginPageView.swift */; };
		077CC03C29BE79FE009F9290 /* LoginPageViewModel.swift in Sources */ = {isa = PBXBuildFile; fileRef = 077CC03B29BE79FE009F9290 /* LoginPageViewModel.swift */; };
		077CC03E29BEA371009F9290 /* String+ext.swift in Sources */ = {isa = PBXBuildFile; fileRef = 077CC03D29BEA371009F9290 /* String+ext.swift */; };
		077CC04329C07A27009F9290 /* ProfilePageView.swift in Sources */ = {isa = PBXBuildFile; fileRef = 077CC04229C07A27009F9290 /* ProfilePageView.swift */; };
		077CC04529C37CC3009F9290 /* Coordinator.swift in Sources */ = {isa = PBXBuildFile; fileRef = 077CC04429C37CC3009F9290 /* Coordinator.swift */; };
		077CC04829C3B2E0009F9290 /* CoordinatorView.swift in Sources */ = {isa = PBXBuildFile; fileRef = 077CC04729C3B2E0009F9290 /* CoordinatorView.swift */; };
		077CC04C29C5B3FF009F9290 /* HomePageView.swift in Sources */ = {isa = PBXBuildFile; fileRef = 077CC04B29C5B3FF009F9290 /* HomePageView.swift */; };
		077CC05229C5B4C9009F9290 /* FavoritesPageView.swift in Sources */ = {isa = PBXBuildFile; fileRef = 077CC05129C5B4C9009F9290 /* FavoritesPageView.swift */; };
		077CC05429C5B4E3009F9290 /* CartPageView.swift in Sources */ = {isa = PBXBuildFile; fileRef = 077CC05329C5B4E3009F9290 /* CartPageView.swift */; };
		077CC05629C5B50E009F9290 /* MessagesPageView.swift in Sources */ = {isa = PBXBuildFile; fileRef = 077CC05529C5B50E009F9290 /* MessagesPageView.swift */; };
		077CC05829C5BFD7009F9290 /* View+ext.swift in Sources */ = {isa = PBXBuildFile; fileRef = 077CC05729C5BFD6009F9290 /* View+ext.swift */; };
		077CC05A29C5CBA1009F9290 /* RoundedCorner.swift in Sources */ = {isa = PBXBuildFile; fileRef = 077CC05929C5CBA1009F9290 /* RoundedCorner.swift */; };
		077CC05C29C5F395009F9290 /* TabBar.swift in Sources */ = {isa = PBXBuildFile; fileRef = 077CC05B29C5F395009F9290 /* TabBar.swift */; };
		07B730D829C77B5C009BC31A /* Montserrat-Light.ttf in Resources */ = {isa = PBXBuildFile; fileRef = 07B730D729C77B5C009BC31A /* Montserrat-Light.ttf */; };
		07B730DA29C85588009BC31A /* HomePageViewModel.swift in Sources */ = {isa = PBXBuildFile; fileRef = 07B730D929C85588009BC31A /* HomePageViewModel.swift */; };
		07B730DD29C86A59009BC31A /* CategoryItem.swift in Sources */ = {isa = PBXBuildFile; fileRef = 07B730DC29C86A59009BC31A /* CategoryItem.swift */; };
/* End PBXBuildFile section */

/* Begin PBXFileReference section */
		077CC01229BE021B009F9290 /* StoreTest.app */ = {isa = PBXFileReference; explicitFileType = wrapper.application; includeInIndex = 0; path = StoreTest.app; sourceTree = BUILT_PRODUCTS_DIR; };
		077CC01529BE021B009F9290 /* StoreTestApp.swift */ = {isa = PBXFileReference; lastKnownFileType = sourcecode.swift; path = StoreTestApp.swift; sourceTree = "<group>"; };
		077CC01729BE021B009F9290 /* ContentView.swift */ = {isa = PBXFileReference; lastKnownFileType = sourcecode.swift; path = ContentView.swift; sourceTree = "<group>"; };
		077CC01929BE021C009F9290 /* Assets.xcassets */ = {isa = PBXFileReference; lastKnownFileType = folder.assetcatalog; path = Assets.xcassets; sourceTree = "<group>"; };
		077CC01C29BE021C009F9290 /* Preview Assets.xcassets */ = {isa = PBXFileReference; lastKnownFileType = folder.assetcatalog; path = "Preview Assets.xcassets"; sourceTree = "<group>"; };
		077CC02429BE0244009F9290 /* SignInPageView.swift */ = {isa = PBXFileReference; lastKnownFileType = sourcecode.swift; path = SignInPageView.swift; sourceTree = "<group>"; };
		077CC02629BE0252009F9290 /* SignInPageViewModel.swift */ = {isa = PBXFileReference; lastKnownFileType = sourcecode.swift; path = SignInPageViewModel.swift; sourceTree = "<group>"; };
		077CC02929BE2612009F9290 /* Color+ext.swift */ = {isa = PBXFileReference; lastKnownFileType = sourcecode.swift; path = "Color+ext.swift"; sourceTree = "<group>"; };
		077CC02F29BE5452009F9290 /* Info.plist */ = {isa = PBXFileReference; lastKnownFileType = text.plist; path = Info.plist; sourceTree = "<group>"; };
		077CC03029BE56C9009F9290 /* Montserrat-Regular.ttf */ = {isa = PBXFileReference; lastKnownFileType = file; path = "Montserrat-Regular.ttf"; sourceTree = "<group>"; };
		077CC03229BE56D9009F9290 /* Montserrat-Bold.ttf */ = {isa = PBXFileReference; lastKnownFileType = file; path = "Montserrat-Bold.ttf"; sourceTree = "<group>"; };
		077CC03429BE56DF009F9290 /* Montserrat-Medium.ttf */ = {isa = PBXFileReference; lastKnownFileType = file; path = "Montserrat-Medium.ttf"; sourceTree = "<group>"; };
		077CC03629BE571A009F9290 /* Montserrat-SemiBold.ttf */ = {isa = PBXFileReference; lastKnownFileType = file; path = "Montserrat-SemiBold.ttf"; sourceTree = "<group>"; };
		077CC03929BE79F4009F9290 /* LoginPageView.swift */ = {isa = PBXFileReference; lastKnownFileType = sourcecode.swift; path = LoginPageView.swift; sourceTree = "<group>"; };
		077CC03B29BE79FE009F9290 /* LoginPageViewModel.swift */ = {isa = PBXFileReference; lastKnownFileType = sourcecode.swift; path = LoginPageViewModel.swift; sourceTree = "<group>"; };
		077CC03D29BEA371009F9290 /* String+ext.swift */ = {isa = PBXFileReference; lastKnownFileType = sourcecode.swift; path = "String+ext.swift"; sourceTree = "<group>"; };
		077CC04229C07A27009F9290 /* ProfilePageView.swift */ = {isa = PBXFileReference; lastKnownFileType = sourcecode.swift; path = ProfilePageView.swift; sourceTree = "<group>"; };
		077CC04429C37CC3009F9290 /* Coordinator.swift */ = {isa = PBXFileReference; lastKnownFileType = sourcecode.swift; path = Coordinator.swift; sourceTree = "<group>"; };
		077CC04729C3B2E0009F9290 /* CoordinatorView.swift */ = {isa = PBXFileReference; lastKnownFileType = sourcecode.swift; path = CoordinatorView.swift; sourceTree = "<group>"; };
		077CC04B29C5B3FF009F9290 /* HomePageView.swift */ = {isa = PBXFileReference; lastKnownFileType = sourcecode.swift; path = HomePageView.swift; sourceTree = "<group>"; };
		077CC05129C5B4C9009F9290 /* FavoritesPageView.swift */ = {isa = PBXFileReference; lastKnownFileType = sourcecode.swift; path = FavoritesPageView.swift; sourceTree = "<group>"; };
		077CC05329C5B4E3009F9290 /* CartPageView.swift */ = {isa = PBXFileReference; lastKnownFileType = sourcecode.swift; path = CartPageView.swift; sourceTree = "<group>"; };
		077CC05529C5B50E009F9290 /* MessagesPageView.swift */ = {isa = PBXFileReference; lastKnownFileType = sourcecode.swift; path = MessagesPageView.swift; sourceTree = "<group>"; };
		077CC05729C5BFD6009F9290 /* View+ext.swift */ = {isa = PBXFileReference; lastKnownFileType = sourcecode.swift; path = "View+ext.swift"; sourceTree = "<group>"; };
		077CC05929C5CBA1009F9290 /* RoundedCorner.swift */ = {isa = PBXFileReference; lastKnownFileType = sourcecode.swift; path = RoundedCorner.swift; sourceTree = "<group>"; };
		077CC05B29C5F395009F9290 /* TabBar.swift */ = {isa = PBXFileReference; lastKnownFileType = sourcecode.swift; path = TabBar.swift; sourceTree = "<group>"; };
		07B730D729C77B5C009BC31A /* Montserrat-Light.ttf */ = {isa = PBXFileReference; lastKnownFileType = file; path = "Montserrat-Light.ttf"; sourceTree = "<group>"; };
		07B730D929C85588009BC31A /* HomePageViewModel.swift */ = {isa = PBXFileReference; lastKnownFileType = sourcecode.swift; path = HomePageViewModel.swift; sourceTree = "<group>"; };
		07B730DC29C86A59009BC31A /* CategoryItem.swift */ = {isa = PBXFileReference; lastKnownFileType = sourcecode.swift; path = CategoryItem.swift; sourceTree = "<group>"; };
/* End PBXFileReference section */

/* Begin PBXFrameworksBuildPhase section */
		077CC00F29BE021B009F9290 /* Frameworks */ = {
			isa = PBXFrameworksBuildPhase;
			buildActionMask = 2147483647;
			files = (
			);
			runOnlyForDeploymentPostprocessing = 0;
		};
/* End PBXFrameworksBuildPhase section */

/* Begin PBXGroup section */
		077CC00929BE021B009F9290 = {
			isa = PBXGroup;
			children = (
				077CC01429BE021B009F9290 /* StoreTest */,
				077CC01329BE021B009F9290 /* Products */,
			);
			sourceTree = "<group>";
		};
		077CC01329BE021B009F9290 /* Products */ = {
			isa = PBXGroup;
			children = (
				077CC01229BE021B009F9290 /* StoreTest.app */,
			);
			name = Products;
			sourceTree = "<group>";
		};
		077CC01429BE021B009F9290 /* StoreTest */ = {
			isa = PBXGroup;
			children = (
				07B730DB29C86A44009BC31A /* Models */,
				077CC02B29BE52C4009F9290 /* Fonts */,
				077CC02829BE1FF3009F9290 /* Extensions */,
				077CC04929C5B3C1009F9290 /* Screens */,
				077CC04629C3B2D2009F9290 /* Coordinator */,
				077CC01529BE021B009F9290 /* StoreTestApp.swift */,
				077CC01729BE021B009F9290 /* ContentView.swift */,
				077CC05B29C5F395009F9290 /* TabBar.swift */,
				077CC01929BE021C009F9290 /* Assets.xcassets */,
				077CC02F29BE5452009F9290 /* Info.plist */,
				077CC01B29BE021C009F9290 /* Preview Content */,
			);
			path = StoreTest;
			sourceTree = "<group>";
		};
		077CC01B29BE021C009F9290 /* Preview Content */ = {
			isa = PBXGroup;
			children = (
				077CC01C29BE021C009F9290 /* Preview Assets.xcassets */,
			);
			path = "Preview Content";
			sourceTree = "<group>";
		};
		077CC02329BE022A009F9290 /* SignInPage */ = {
			isa = PBXGroup;
			children = (
				077CC02429BE0244009F9290 /* SignInPageView.swift */,
				077CC02629BE0252009F9290 /* SignInPageViewModel.swift */,
			);
			path = SignInPage;
			sourceTree = "<group>";
		};
		077CC02829BE1FF3009F9290 /* Extensions */ = {
			isa = PBXGroup;
			children = (
				077CC02929BE2612009F9290 /* Color+ext.swift */,
				077CC03D29BEA371009F9290 /* String+ext.swift */,
				077CC05729C5BFD6009F9290 /* View+ext.swift */,
				077CC05929C5CBA1009F9290 /* RoundedCorner.swift */,
			);
			path = Extensions;
			sourceTree = "<group>";
		};
		077CC02B29BE52C4009F9290 /* Fonts */ = {
			isa = PBXGroup;
			children = (
				077CC03029BE56C9009F9290 /* Montserrat-Regular.ttf */,
				077CC03229BE56D9009F9290 /* Montserrat-Bold.ttf */,
				077CC03429BE56DF009F9290 /* Montserrat-Medium.ttf */,
				077CC03629BE571A009F9290 /* Montserrat-SemiBold.ttf */,
				07B730D729C77B5C009BC31A /* Montserrat-Light.ttf */,
			);
			path = Fonts;
			sourceTree = "<group>";
		};
		077CC03829BE79DB009F9290 /* LoginPage */ = {
			isa = PBXGroup;
			children = (
				077CC03929BE79F4009F9290 /* LoginPageView.swift */,
				077CC03B29BE79FE009F9290 /* LoginPageViewModel.swift */,
			);
			path = LoginPage;
			sourceTree = "<group>";
		};
		077CC04129C07A01009F9290 /* ProfilePage */ = {
			isa = PBXGroup;
			children = (
				077CC04229C07A27009F9290 /* ProfilePageView.swift */,
			);
			path = ProfilePage;
			sourceTree = "<group>";
		};
		077CC04629C3B2D2009F9290 /* Coordinator */ = {
			isa = PBXGroup;
			children = (
				077CC04429C37CC3009F9290 /* Coordinator.swift */,
				077CC04729C3B2E0009F9290 /* CoordinatorView.swift */,
			);
			path = Coordinator;
			sourceTree = "<group>";
		};
		077CC04929C5B3C1009F9290 /* Screens */ = {
			isa = PBXGroup;
			children = (
				077CC04129C07A01009F9290 /* ProfilePage */,
				077CC04F29C5B459009F9290 /* MessagesPage */,
				077CC04E29C5B443009F9290 /* CartPage */,
				077CC04D29C5B43B009F9290 /* FavoritesPage */,
				077CC04A29C5B3E1009F9290 /* HomePage */,
				077CC03829BE79DB009F9290 /* LoginPage */,
				077CC02329BE022A009F9290 /* SignInPage */,
			);
			path = Screens;
			sourceTree = "<group>";
		};
		077CC04A29C5B3E1009F9290 /* HomePage */ = {
			isa = PBXGroup;
			children = (
				077CC04B29C5B3FF009F9290 /* HomePageView.swift */,
				07B730D929C85588009BC31A /* HomePageViewModel.swift */,
			);
			path = HomePage;
			sourceTree = "<group>";
		};
		077CC04D29C5B43B009F9290 /* FavoritesPage */ = {
			isa = PBXGroup;
			children = (
				077CC05129C5B4C9009F9290 /* FavoritesPageView.swift */,
			);
			path = FavoritesPage;
			sourceTree = "<group>";
		};
		077CC04E29C5B443009F9290 /* CartPage */ = {
			isa = PBXGroup;
			children = (
				077CC05329C5B4E3009F9290 /* CartPageView.swift */,
			);
			path = CartPage;
			sourceTree = "<group>";
		};
		077CC04F29C5B459009F9290 /* MessagesPage */ = {
			isa = PBXGroup;
			children = (
				077CC05529C5B50E009F9290 /* MessagesPageView.swift */,
			);
			path = MessagesPage;
			sourceTree = "<group>";
		};
		07B730DB29C86A44009BC31A /* Models */ = {
			isa = PBXGroup;
			children = (
				07B730DC29C86A59009BC31A /* CategoryItem.swift */,
			);
			path = Models;
			sourceTree = "<group>";
		};
/* End PBXGroup section */

/* Begin PBXNativeTarget section */
		077CC01129BE021B009F9290 /* StoreTest */ = {
			isa = PBXNativeTarget;
			buildConfigurationList = 077CC02029BE021C009F9290 /* Build configuration list for PBXNativeTarget "StoreTest" */;
			buildPhases = (
				077CC00E29BE021B009F9290 /* Sources */,
				077CC00F29BE021B009F9290 /* Frameworks */,
				077CC01029BE021B009F9290 /* Resources */,
			);
			buildRules = (
			);
			dependencies = (
			);
			name = StoreTest;
			productName = StoreTest;
			productReference = 077CC01229BE021B009F9290 /* StoreTest.app */;
			productType = "com.apple.product-type.application";
		};
/* End PBXNativeTarget section */

/* Begin PBXProject section */
		077CC00A29BE021B009F9290 /* Project object */ = {
			isa = PBXProject;
			attributes = {
				BuildIndependentTargetsInParallel = 1;
				LastSwiftUpdateCheck = 1420;
				LastUpgradeCheck = 1420;
				TargetAttributes = {
					077CC01129BE021B009F9290 = {
						CreatedOnToolsVersion = 14.2;
					};
				};
			};
			buildConfigurationList = 077CC00D29BE021B009F9290 /* Build configuration list for PBXProject "StoreTest" */;
			compatibilityVersion = "Xcode 14.0";
			developmentRegion = en;
			hasScannedForEncodings = 0;
			knownRegions = (
				en,
				Base,
			);
			mainGroup = 077CC00929BE021B009F9290;
			productRefGroup = 077CC01329BE021B009F9290 /* Products */;
			projectDirPath = "";
			projectRoot = "";
			targets = (
				077CC01129BE021B009F9290 /* StoreTest */,
			);
		};
/* End PBXProject section */

/* Begin PBXResourcesBuildPhase section */
		077CC01029BE021B009F9290 /* Resources */ = {
			isa = PBXResourcesBuildPhase;
			buildActionMask = 2147483647;
			files = (
				07B730D829C77B5C009BC31A /* Montserrat-Light.ttf in Resources */,
				077CC03729BE571A009F9290 /* Montserrat-SemiBold.ttf in Resources */,
				077CC03329BE56D9009F9290 /* Montserrat-Bold.ttf in Resources */,
				077CC03529BE56DF009F9290 /* Montserrat-Medium.ttf in Resources */,
				077CC03129BE56C9009F9290 /* Montserrat-Regular.ttf in Resources */,
				077CC01D29BE021C009F9290 /* Preview Assets.xcassets in Resources */,
				077CC01A29BE021C009F9290 /* Assets.xcassets in Resources */,
			);
			runOnlyForDeploymentPostprocessing = 0;
		};
/* End PBXResourcesBuildPhase section */

/* Begin PBXSourcesBuildPhase section */
		077CC00E29BE021B009F9290 /* Sources */ = {
			isa = PBXSourcesBuildPhase;
			buildActionMask = 2147483647;
			files = (
				077CC05829C5BFD7009F9290 /* View+ext.swift in Sources */,
				077CC05229C5B4C9009F9290 /* FavoritesPageView.swift in Sources */,
				077CC01829BE021B009F9290 /* ContentView.swift in Sources */,
				077CC02729BE0252009F9290 /* SignInPageViewModel.swift in Sources */,
				077CC04529C37CC3009F9290 /* Coordinator.swift in Sources */,
				077CC01629BE021B009F9290 /* StoreTestApp.swift in Sources */,
				077CC05429C5B4E3009F9290 /* CartPageView.swift in Sources */,
				077CC02529BE0244009F9290 /* SignInPageView.swift in Sources */,
				077CC05A29C5CBA1009F9290 /* RoundedCorner.swift in Sources */,
				077CC05C29C5F395009F9290 /* TabBar.swift in Sources */,
				077CC04329C07A27009F9290 /* ProfilePageView.swift in Sources */,
				07B730DA29C85588009BC31A /* HomePageViewModel.swift in Sources */,
				077CC02A29BE2612009F9290 /* Color+ext.swift in Sources */,
				077CC03C29BE79FE009F9290 /* LoginPageViewModel.swift in Sources */,
				077CC04829C3B2E0009F9290 /* CoordinatorView.swift in Sources */,
				077CC05629C5B50E009F9290 /* MessagesPageView.swift in Sources */,
				077CC03E29BEA371009F9290 /* String+ext.swift in Sources */,
				077CC04C29C5B3FF009F9290 /* HomePageView.swift in Sources */,
				07B730DD29C86A59009BC31A /* CategoryItem.swift in Sources */,
				077CC03A29BE79F4009F9290 /* LoginPageView.swift in Sources */,
			);
			runOnlyForDeploymentPostprocessing = 0;
		};
/* End PBXSourcesBuildPhase section */

/* Begin XCBuildConfiguration section */
		077CC01E29BE021C009F9290 /* Debug */ = {
			isa = XCBuildConfiguration;
			buildSettings = {
				ALWAYS_SEARCH_USER_PATHS = NO;
				CLANG_ANALYZER_NONNULL = YES;
				CLANG_ANALYZER_NUMBER_OBJECT_CONVERSION = YES_AGGRESSIVE;
				CLANG_CXX_LANGUAGE_STANDARD = "gnu++20";
				CLANG_ENABLE_MODULES = YES;
				CLANG_ENABLE_OBJC_ARC = YES;
				CLANG_ENABLE_OBJC_WEAK = YES;
				CLANG_WARN_BLOCK_CAPTURE_AUTORELEASING = YES;
				CLANG_WARN_BOOL_CONVERSION = YES;
				CLANG_WARN_COMMA = YES;
				CLANG_WARN_CONSTANT_CONVERSION = YES;
				CLANG_WARN_DEPRECATED_OBJC_IMPLEMENTATIONS = YES;
				CLANG_WARN_DIRECT_OBJC_ISA_USAGE = YES_ERROR;
				CLANG_WARN_DOCUMENTATION_COMMENTS = YES;
				CLANG_WARN_EMPTY_BODY = YES;
				CLANG_WARN_ENUM_CONVERSION = YES;
				CLANG_WARN_INFINITE_RECURSION = YES;
				CLANG_WARN_INT_CONVERSION = YES;
				CLANG_WARN_NON_LITERAL_NULL_CONVERSION = YES;
				CLANG_WARN_OBJC_IMPLICIT_RETAIN_SELF = YES;
				CLANG_WARN_OBJC_LITERAL_CONVERSION = YES;
				CLANG_WARN_OBJC_ROOT_CLASS = YES_ERROR;
				CLANG_WARN_QUOTED_INCLUDE_IN_FRAMEWORK_HEADER = YES;
				CLANG_WARN_RANGE_LOOP_ANALYSIS = YES;
				CLANG_WARN_STRICT_PROTOTYPES = YES;
				CLANG_WARN_SUSPICIOUS_MOVE = YES;
				CLANG_WARN_UNGUARDED_AVAILABILITY = YES_AGGRESSIVE;
				CLANG_WARN_UNREACHABLE_CODE = YES;
				CLANG_WARN__DUPLICATE_METHOD_MATCH = YES;
				COPY_PHASE_STRIP = NO;
				DEBUG_INFORMATION_FORMAT = dwarf;
				ENABLE_STRICT_OBJC_MSGSEND = YES;
				ENABLE_TESTABILITY = YES;
				GCC_C_LANGUAGE_STANDARD = gnu11;
				GCC_DYNAMIC_NO_PIC = NO;
				GCC_NO_COMMON_BLOCKS = YES;
				GCC_OPTIMIZATION_LEVEL = 0;
				GCC_PREPROCESSOR_DEFINITIONS = (
					"DEBUG=1",
					"$(inherited)",
				);
				GCC_WARN_64_TO_32_BIT_CONVERSION = YES;
				GCC_WARN_ABOUT_RETURN_TYPE = YES_ERROR;
				GCC_WARN_UNDECLARED_SELECTOR = YES;
				GCC_WARN_UNINITIALIZED_AUTOS = YES_AGGRESSIVE;
				GCC_WARN_UNUSED_FUNCTION = YES;
				GCC_WARN_UNUSED_VARIABLE = YES;
				IPHONEOS_DEPLOYMENT_TARGET = 16.2;
				MTL_ENABLE_DEBUG_INFO = INCLUDE_SOURCE;
				MTL_FAST_MATH = YES;
				ONLY_ACTIVE_ARCH = YES;
				SDKROOT = iphoneos;
				SWIFT_ACTIVE_COMPILATION_CONDITIONS = DEBUG;
				SWIFT_OPTIMIZATION_LEVEL = "-Onone";
			};
			name = Debug;
		};
		077CC01F29BE021C009F9290 /* Release */ = {
			isa = XCBuildConfiguration;
			buildSettings = {
				ALWAYS_SEARCH_USER_PATHS = NO;
				CLANG_ANALYZER_NONNULL = YES;
				CLANG_ANALYZER_NUMBER_OBJECT_CONVERSION = YES_AGGRESSIVE;
				CLANG_CXX_LANGUAGE_STANDARD = "gnu++20";
				CLANG_ENABLE_MODULES = YES;
				CLANG_ENABLE_OBJC_ARC = YES;
				CLANG_ENABLE_OBJC_WEAK = YES;
				CLANG_WARN_BLOCK_CAPTURE_AUTORELEASING = YES;
				CLANG_WARN_BOOL_CONVERSION = YES;
				CLANG_WARN_COMMA = YES;
				CLANG_WARN_CONSTANT_CONVERSION = YES;
				CLANG_WARN_DEPRECATED_OBJC_IMPLEMENTATIONS = YES;
				CLANG_WARN_DIRECT_OBJC_ISA_USAGE = YES_ERROR;
				CLANG_WARN_DOCUMENTATION_COMMENTS = YES;
				CLANG_WARN_EMPTY_BODY = YES;
				CLANG_WARN_ENUM_CONVERSION = YES;
				CLANG_WARN_INFINITE_RECURSION = YES;
				CLANG_WARN_INT_CONVERSION = YES;
				CLANG_WARN_NON_LITERAL_NULL_CONVERSION = YES;
				CLANG_WARN_OBJC_IMPLICIT_RETAIN_SELF = YES;
				CLANG_WARN_OBJC_LITERAL_CONVERSION = YES;
				CLANG_WARN_OBJC_ROOT_CLASS = YES_ERROR;
				CLANG_WARN_QUOTED_INCLUDE_IN_FRAMEWORK_HEADER = YES;
				CLANG_WARN_RANGE_LOOP_ANALYSIS = YES;
				CLANG_WARN_STRICT_PROTOTYPES = YES;
				CLANG_WARN_SUSPICIOUS_MOVE = YES;
				CLANG_WARN_UNGUARDED_AVAILABILITY = YES_AGGRESSIVE;
				CLANG_WARN_UNREACHABLE_CODE = YES;
				CLANG_WARN__DUPLICATE_METHOD_MATCH = YES;
				COPY_PHASE_STRIP = NO;
				DEBUG_INFORMATION_FORMAT = "dwarf-with-dsym";
				ENABLE_NS_ASSERTIONS = NO;
				ENABLE_STRICT_OBJC_MSGSEND = YES;
				GCC_C_LANGUAGE_STANDARD = gnu11;
				GCC_NO_COMMON_BLOCKS = YES;
				GCC_WARN_64_TO_32_BIT_CONVERSION = YES;
				GCC_WARN_ABOUT_RETURN_TYPE = YES_ERROR;
				GCC_WARN_UNDECLARED_SELECTOR = YES;
				GCC_WARN_UNINITIALIZED_AUTOS = YES_AGGRESSIVE;
				GCC_WARN_UNUSED_FUNCTION = YES;
				GCC_WARN_UNUSED_VARIABLE = YES;
				IPHONEOS_DEPLOYMENT_TARGET = 16.2;
				MTL_ENABLE_DEBUG_INFO = NO;
				MTL_FAST_MATH = YES;
				SDKROOT = iphoneos;
				SWIFT_COMPILATION_MODE = wholemodule;
				SWIFT_OPTIMIZATION_LEVEL = "-O";
				VALIDATE_PRODUCT = YES;
			};
			name = Release;
		};
		077CC02129BE021C009F9290 /* Debug */ = {
			isa = XCBuildConfiguration;
			buildSettings = {
				ASSETCATALOG_COMPILER_APPICON_NAME = AppIcon;
				ASSETCATALOG_COMPILER_GLOBAL_ACCENT_COLOR_NAME = AccentColor;
				CODE_SIGN_STYLE = Automatic;
				CURRENT_PROJECT_VERSION = 1;
				DEVELOPMENT_ASSET_PATHS = "\"StoreTest/Preview Content\"";
				DEVELOPMENT_TEAM = QYY3G6W6RG;
				ENABLE_PREVIEWS = YES;
				GENERATE_INFOPLIST_FILE = YES;
				INFOPLIST_FILE = StoreTest/Info.plist;
				INFOPLIST_KEY_UIApplicationSceneManifest_Generation = YES;
				INFOPLIST_KEY_UIApplicationSupportsIndirectInputEvents = YES;
				INFOPLIST_KEY_UILaunchScreen_Generation = YES;
				INFOPLIST_KEY_UISupportedInterfaceOrientations_iPad = "UIInterfaceOrientationPortrait UIInterfaceOrientationPortraitUpsideDown UIInterfaceOrientationLandscapeLeft UIInterfaceOrientationLandscapeRight";
				INFOPLIST_KEY_UISupportedInterfaceOrientations_iPhone = "UIInterfaceOrientationPortrait UIInterfaceOrientationLandscapeLeft UIInterfaceOrientationLandscapeRight";
				LD_RUNPATH_SEARCH_PATHS = (
					"$(inherited)",
					"@executable_path/Frameworks",
				);
				MARKETING_VERSION = 1.0;
				PRODUCT_BUNDLE_IDENTIFIER = com.lukman.StoreTest;
				PRODUCT_NAME = "$(TARGET_NAME)";
				SWIFT_EMIT_LOC_STRINGS = YES;
				SWIFT_VERSION = 5.0;
				TARGETED_DEVICE_FAMILY = "1,2";
			};
			name = Debug;
		};
		077CC02229BE021C009F9290 /* Release */ = {
			isa = XCBuildConfiguration;
			buildSettings = {
				ASSETCATALOG_COMPILER_APPICON_NAME = AppIcon;
				ASSETCATALOG_COMPILER_GLOBAL_ACCENT_COLOR_NAME = AccentColor;
				CODE_SIGN_STYLE = Automatic;
				CURRENT_PROJECT_VERSION = 1;
				DEVELOPMENT_ASSET_PATHS = "\"StoreTest/Preview Content\"";
				DEVELOPMENT_TEAM = QYY3G6W6RG;
				ENABLE_PREVIEWS = YES;
				GENERATE_INFOPLIST_FILE = YES;
				INFOPLIST_FILE = StoreTest/Info.plist;
				INFOPLIST_KEY_UIApplicationSceneManifest_Generation = YES;
				INFOPLIST_KEY_UIApplicationSupportsIndirectInputEvents = YES;
				INFOPLIST_KEY_UILaunchScreen_Generation = YES;
				INFOPLIST_KEY_UISupportedInterfaceOrientations_iPad = "UIInterfaceOrientationPortrait UIInterfaceOrientationPortraitUpsideDown UIInterfaceOrientationLandscapeLeft UIInterfaceOrientationLandscapeRight";
				INFOPLIST_KEY_UISupportedInterfaceOrientations_iPhone = "UIInterfaceOrientationPortrait UIInterfaceOrientationLandscapeLeft UIInterfaceOrientationLandscapeRight";
				LD_RUNPATH_SEARCH_PATHS = (
					"$(inherited)",
					"@executable_path/Frameworks",
				);
				MARKETING_VERSION = 1.0;
				PRODUCT_BUNDLE_IDENTIFIER = com.lukman.StoreTest;
				PRODUCT_NAME = "$(TARGET_NAME)";
				SWIFT_EMIT_LOC_STRINGS = YES;
				SWIFT_VERSION = 5.0;
				TARGETED_DEVICE_FAMILY = "1,2";
			};
			name = Release;
		};
/* End XCBuildConfiguration section */

/* Begin XCConfigurationList section */
		077CC00D29BE021B009F9290 /* Build configuration list for PBXProject "StoreTest" */ = {
			isa = XCConfigurationList;
			buildConfigurations = (
				077CC01E29BE021C009F9290 /* Debug */,
				077CC01F29BE021C009F9290 /* Release */,
			);
			defaultConfigurationIsVisible = 0;
			defaultConfigurationName = Release;
		};
		077CC02029BE021C009F9290 /* Build configuration list for PBXNativeTarget "StoreTest" */ = {
			isa = XCConfigurationList;
			buildConfigurations = (
				077CC02129BE021C009F9290 /* Debug */,
				077CC02229BE021C009F9290 /* Release */,
			);
			defaultConfigurationIsVisible = 0;
			defaultConfigurationName = Release;
		};
/* End XCConfigurationList section */
	};
	rootObject = 077CC00A29BE021B009F9290 /* Project object */;
}
